{
  "name": "hugo-oras-mini",
  "lockfileVersion": 3,
  "requires": true,
  "packages": {
    "": {
      "dependencies": {
        "json-format": "^1.0.1"
      }
    },
    "node_modules/json-format": {
      "version": "1.0.1",
      "resolved": "https://registry.npmjs.org/json-format/-/json-format-1.0.1.tgz",
      "integrity": "sha512-MoKIg/lBeQALqjYnqEanikfo3zBKRwclpXJexdF0FUniYAAN2ypEIXBEtpQb+9BkLFtDK1fyTLAsnGlyGfLGxw=="
    }
  }
}
